// !$*UTF8*$!
{
	archiveVersion = 1;
	classes = {
	};
	objectVersion = 46;
	objects = {

/* Begin PBXBuildFile section */
		BBB5E9B11B8C394F0041290F /* AppDelegate.swift in Sources */ = {isa = PBXBuildFile; fileRef = BBB5E9B01B8C394F0041290F /* AppDelegate.swift */; };
		BBB5E9B41B8C394F0041290F /* SegueFree.xcdatamodeld in Sources */ = {isa = PBXBuildFile; fileRef = BBB5E9B21B8C394F0041290F /* SegueFree.xcdatamodeld */; };
		BBB5E9B91B8C394F0041290F /* Main.storyboard in Resources */ = {isa = PBXBuildFile; fileRef = BBB5E9B71B8C394F0041290F /* Main.storyboard */; };
		BBB5E9BB1B8C394F0041290F /* Images.xcassets in Resources */ = {isa = PBXBuildFile; fileRef = BBB5E9BA1B8C394F0041290F /* Images.xcassets */; };
		BBB5E9BE1B8C394F0041290F /* LaunchScreen.xib in Resources */ = {isa = PBXBuildFile; fileRef = BBB5E9BC1B8C394F0041290F /* LaunchScreen.xib */; };
		BBB5E9CA1B8C394F0041290F /* SegueFreeTests.swift in Sources */ = {isa = PBXBuildFile; fileRef = BBB5E9C91B8C394F0041290F /* SegueFreeTests.swift */; };
		BBB5E9D41B8C3A420041290F /* FlashCardViewController.swift in Sources */ = {isa = PBXBuildFile; fileRef = BBB5E9D31B8C3A420041290F /* FlashCardViewController.swift */; };
		BBB5E9D61B8C3A500041290F /* FirstSubViewController.swift in Sources */ = {isa = PBXBuildFile; fileRef = BBB5E9D51B8C3A500041290F /* FirstSubViewController.swift */; };
		BBB5E9D81B8C3A580041290F /* SecondSubViewController.swift in Sources */ = {isa = PBXBuildFile; fileRef = BBB5E9D71B8C3A580041290F /* SecondSubViewController.swift */; };
		BBB5E9DA1B8C3A6B0041290F /* MainViewController.swift in Sources */ = {isa = PBXBuildFile; fileRef = BBB5E9D91B8C3A6B0041290F /* MainViewController.swift */; };
		BBB5E9DC1B8C49C60041290F /* ThirdSubViewController.swift in Sources */ = {isa = PBXBuildFile; fileRef = BBB5E9DB1B8C49C60041290F /* ThirdSubViewController.swift */; };
		BBB5E9DE1B8C517B0041290F /* FourthSubViewController.swift in Sources */ = {isa = PBXBuildFile; fileRef = BBB5E9DD1B8C517B0041290F /* FourthSubViewController.swift */; };
/* End PBXBuildFile section */

/* Begin PBXContainerItemProxy section */
		BBB5E9C41B8C394F0041290F /* PBXContainerItemProxy */ = {
			isa = PBXContainerItemProxy;
			containerPortal = BBB5E9A31B8C394F0041290F /* Project object */;
			proxyType = 1;
			remoteGlobalIDString = BBB5E9AA1B8C394F0041290F;
			remoteInfo = SegueFree;
		};
/* End PBXContainerItemProxy section */

/* Begin PBXFileReference section */
		BBB5E9AB1B8C394F0041290F /* SegueFree.app */ = {isa = PBXFileReference; explicitFileType = wrapper.application; includeInIndex = 0; path = SegueFree.app; sourceTree = BUILT_PRODUCTS_DIR; };
		BBB5E9AF1B8C394F0041290F /* Info.plist */ = {isa = PBXFileReference; lastKnownFileType = text.plist.xml; path = Info.plist; sourceTree = "<group>"; };
		BBB5E9B01B8C394F0041290F /* AppDelegate.swift */ = {isa = PBXFileReference; lastKnownFileType = sourcecode.swift; path = AppDelegate.swift; sourceTree = "<group>"; };
		BBB5E9B31B8C394F0041290F /* SegueFree.xcdatamodel */ = {isa = PBXFileReference; lastKnownFileType = wrapper.xcdatamodel; path = SegueFree.xcdatamodel; sourceTree = "<group>"; };
		BBB5E9B81B8C394F0041290F /* Base */ = {isa = PBXFileReference; lastKnownFileType = file.storyboard; name = Base; path = Base.lproj/Main.storyboard; sourceTree = "<group>"; };
		BBB5E9BA1B8C394F0041290F /* Images.xcassets */ = {isa = PBXFileReference; lastKnownFileType = folder.assetcatalog; path = Images.xcassets; sourceTree = "<group>"; };
		BBB5E9BD1B8C394F0041290F /* Base */ = {isa = PBXFileReference; lastKnownFileType = file.xib; name = Base; path = Base.lproj/LaunchScreen.xib; sourceTree = "<group>"; };
		BBB5E9C31B8C394F0041290F /* SegueFreeTests.xctest */ = {isa = PBXFileReference; explicitFileType = wrapper.cfbundle; includeInIndex = 0; path = SegueFreeTests.xctest; sourceTree = BUILT_PRODUCTS_DIR; };
		BBB5E9C81B8C394F0041290F /* Info.plist */ = {isa = PBXFileReference; lastKnownFileType = text.plist.xml; path = Info.plist; sourceTree = "<group>"; };
		BBB5E9C91B8C394F0041290F /* SegueFreeTests.swift */ = {isa = PBXFileReference; lastKnownFileType = sourcecode.swift; path = SegueFreeTests.swift; sourceTree = "<group>"; };
		BBB5E9D31B8C3A420041290F /* FlashCardViewController.swift */ = {isa = PBXFileReference; fileEncoding = 4; lastKnownFileType = sourcecode.swift; path = FlashCardViewController.swift; sourceTree = "<group>"; };
		BBB5E9D51B8C3A500041290F /* FirstSubViewController.swift */ = {isa = PBXFileReference; fileEncoding = 4; lastKnownFileType = sourcecode.swift; path = FirstSubViewController.swift; sourceTree = "<group>"; };
		BBB5E9D71B8C3A580041290F /* SecondSubViewController.swift */ = {isa = PBXFileReference; fileEncoding = 4; lastKnownFileType = sourcecode.swift; path = SecondSubViewController.swift; sourceTree = "<group>"; };
		BBB5E9D91B8C3A6B0041290F /* MainViewController.swift */ = {isa = PBXFileReference; fileEncoding = 4; lastKnownFileType = sourcecode.swift; path = MainViewController.swift; sourceTree = "<group>"; };
		BBB5E9DB1B8C49C60041290F /* ThirdSubViewController.swift */ = {isa = PBXFileReference; fileEncoding = 4; lastKnownFileType = sourcecode.swift; path = ThirdSubViewController.swift; sourceTree = "<group>"; };
		BBB5E9DD1B8C517B0041290F /* FourthSubViewController.swift */ = {isa = PBXFileReference; fileEncoding = 4; lastKnownFileType = sourcecode.swift; path = FourthSubViewController.swift; sourceTree = "<group>"; };
/* End PBXFileReference section */

/* Begin PBXFrameworksBuildPhase section */
		BBB5E9A81B8C394F0041290F /* Frameworks */ = {
			isa = PBXFrameworksBuildPhase;
			buildActionMask = 2147483647;
			files = (
			);
			runOnlyForDeploymentPostprocessing = 0;
		};
		BBB5E9C01B8C394F0041290F /* Frameworks */ = {
			isa = PBXFrameworksBuildPhase;
			buildActionMask = 2147483647;
			files = (
			);
			runOnlyForDeploymentPostprocessing = 0;
		};
/* End PBXFrameworksBuildPhase section */

/* Begin PBXGroup section */
		BBB5E9A21B8C394F0041290F = {
			isa = PBXGroup;
			children = (
				BBB5E9AD1B8C394F0041290F /* SegueFree */,
				BBB5E9C61B8C394F0041290F /* SegueFreeTests */,
				BBB5E9AC1B8C394F0041290F /* Products */,
			);
			sourceTree = "<group>";
		};
		BBB5E9AC1B8C394F0041290F /* Products */ = {
			isa = PBXGroup;
			children = (
				BBB5E9AB1B8C394F0041290F /* SegueFree.app */,
				BBB5E9C31B8C394F0041290F /* SegueFreeTests.xctest */,
			);
			name = Products;
			sourceTree = "<group>";
		};
		BBB5E9AD1B8C394F0041290F /* SegueFree */ = {
			isa = PBXGroup;
			children = (
				BBB5E9B01B8C394F0041290F /* AppDelegate.swift */,
				BBB5E9B71B8C394F0041290F /* Main.storyboard */,
				BBB5E9D91B8C3A6B0041290F /* MainViewController.swift */,
				BBB5E9D31B8C3A420041290F /* FlashCardViewController.swift */,
				BBB5E9D51B8C3A500041290F /* FirstSubViewController.swift */,
				BBB5E9D71B8C3A580041290F /* SecondSubViewController.swift */,
				BBB5E9DB1B8C49C60041290F /* ThirdSubViewController.swift */,
				BBB5E9DD1B8C517B0041290F /* FourthSubViewController.swift */,
				BBB5E9BA1B8C394F0041290F /* Images.xcassets */,
				BBB5E9BC1B8C394F0041290F /* LaunchScreen.xib */,
				BBB5E9B21B8C394F0041290F /* SegueFree.xcdatamodeld */,
				BBB5E9AE1B8C394F0041290F /* Supporting Files */,
			);
			path = SegueFree;
			sourceTree = "<group>";
		};
		BBB5E9AE1B8C394F0041290F /* Supporting Files */ = {
			isa = PBXGroup;
			children = (
				BBB5E9AF1B8C394F0041290F /* Info.plist */,
			);
			name = "Supporting Files";
			sourceTree = "<group>";
		};
		BBB5E9C61B8C394F0041290F /* SegueFreeTests */ = {
			isa = PBXGroup;
			children = (
				BBB5E9C91B8C394F0041290F /* SegueFreeTests.swift */,
				BBB5E9C71B8C394F0041290F /* Supporting Files */,
			);
			path = SegueFreeTests;
			sourceTree = "<group>";
		};
		BBB5E9C71B8C394F0041290F /* Supporting Files */ = {
			isa = PBXGroup;
			children = (
				BBB5E9C81B8C394F0041290F /* Info.plist */,
			);
			name = "Supporting Files";
			sourceTree = "<group>";
		};
/* End PBXGroup section */

/* Begin PBXNativeTarget section */
		BBB5E9AA1B8C394F0041290F /* SegueFree */ = {
			isa = PBXNativeTarget;
			buildConfigurationList = BBB5E9CD1B8C394F0041290F /* Build configuration list for PBXNativeTarget "SegueFree" */;
			buildPhases = (
				BBB5E9A71B8C394F0041290F /* Sources */,
				BBB5E9A81B8C394F0041290F /* Frameworks */,
				BBB5E9A91B8C394F0041290F /* Resources */,
			);
			buildRules = (
			);
			dependencies = (
			);
			name = SegueFree;
			productName = SegueFree;
			productReference = BBB5E9AB1B8C394F0041290F /* SegueFree.app */;
			productType = "com.apple.product-type.application";
		};
		BBB5E9C21B8C394F0041290F /* SegueFreeTests */ = {
			isa = PBXNativeTarget;
			buildConfigurationList = BBB5E9D01B8C394F0041290F /* Build configuration list for PBXNativeTarget "SegueFreeTests" */;
			buildPhases = (
				BBB5E9BF1B8C394F0041290F /* Sources */,
				BBB5E9C01B8C394F0041290F /* Frameworks */,
				BBB5E9C11B8C394F0041290F /* Resources */,
			);
			buildRules = (
			);
			dependencies = (
				BBB5E9C51B8C394F0041290F /* PBXTargetDependency */,
			);
			name = SegueFreeTests;
			productName = SegueFreeTests;
			productReference = BBB5E9C31B8C394F0041290F /* SegueFreeTests.xctest */;
			productType = "com.apple.product-type.bundle.unit-test";
		};
/* End PBXNativeTarget section */

/* Begin PBXProject section */
		BBB5E9A31B8C394F0041290F /* Project object */ = {
			isa = PBXProject;
			attributes = {
				LastUpgradeCheck = 0640;
				ORGANIZATIONNAME = "Wee Keat Chin";
				TargetAttributes = {
					BBB5E9AA1B8C394F0041290F = {
						CreatedOnToolsVersion = 6.4;
					};
					BBB5E9C21B8C394F0041290F = {
						CreatedOnToolsVersion = 6.4;
						TestTargetID = BBB5E9AA1B8C394F0041290F;
					};
				};
			};
			buildConfigurationList = BBB5E9A61B8C394F0041290F /* Build configuration list for PBXProject "SegueFree" */;
			compatibilityVersion = "Xcode 3.2";
			developmentRegion = English;
			hasScannedForEncodings = 0;
			knownRegions = (
				en,
				Base,
			);
			mainGroup = BBB5E9A21B8C394F0041290F;
			productRefGroup = BBB5E9AC1B8C394F0041290F /* Products */;
			projectDirPath = "";
			projectRoot = "";
			targets = (
				BBB5E9AA1B8C394F0041290F /* SegueFree */,
				BBB5E9C21B8C394F0041290F /* SegueFreeTests */,
			);
		};
/* End PBXProject section */

/* Begin PBXResourcesBuildPhase section */
		BBB5E9A91B8C394F0041290F /* Resources */ = {
			isa = PBXResourcesBuildPhase;
			buildActionMask = 2147483647;
			files = (
				BBB5E9B91B8C394F0041290F /* Main.storyboard in Resources */,
				BBB5E9BE1B8C394F0041290F /* LaunchScreen.xib in Resources */,
				BBB5E9BB1B8C394F0041290F /* Images.xcassets in Resources */,
			);
			runOnlyForDeploymentPostprocessing = 0;
		};
		BBB5E9C11B8C394F0041290F /* Resources */ = {
			isa = PBXResourcesBuildPhase;
			buildActionMask = 2147483647;
			files = (
			);
			runOnlyForDeploymentPostprocessing = 0;
		};
/* End PBXResourcesBuildPhase section */

/* Begin PBXSourcesBuildPhase section */
		BBB5E9A71B8C394F0041290F /* Sources */ = {
			isa = PBXSourcesBuildPhase;
			buildActionMask = 2147483647;
			files = (
				BBB5E9D61B8C3A500041290F /* FirstSubViewController.swift in Sources */,
				BBB5E9DE1B8C517B0041290F /* FourthSubViewController.swift in Sources */,
				BBB5E9DC1B8C49C60041290F /* ThirdSubViewController.swift in Sources */,
				BBB5E9D81B8C3A580041290F /* SecondSubViewController.swift in Sources */,
				BBB5E9D41B8C3A420041290F /* FlashCardViewController.swift in Sources */,
				BBB5E9DA1B8C3A6B0041290F /* MainViewController.swift in Sources */,
				BBB5E9B11B8C394F0041290F /* AppDelegate.swift in Sources */,
				BBB5E9B41B8C394F0041290F /* SegueFree.xcdatamodeld in Sources */,
			);
			runOnlyForDeploymentPostprocessing = 0;
		};
		BBB5E9BF1B8C394F0041290F /* Sources */ = {
			isa = PBXSourcesBuildPhase;
			buildActionMask = 2147483647;
			files = (
				BBB5E9CA1B8C394F0041290F /* SegueFreeTests.swift in Sources */,
			);
			runOnlyForDeploymentPostprocessing = 0;
		};
/* End PBXSourcesBuildPhase section */

/* Begin PBXTargetDependency section */
		BBB5E9C51B8C394F0041290F /* PBXTargetDependency */ = {
			isa = PBXTargetDependency;
			target = BBB5E9AA1B8C394F0041290F /* SegueFree */;
			targetProxy = BBB5E9C41B8C394F0041290F /* PBXContainerItemProxy */;
		};
/* End PBXTargetDependency section */

/* Begin PBXVariantGroup section */
		BBB5E9B71B8C394F0041290F /* Main.storyboard */ = {
			isa = PBXVariantGroup;
			children = (
				BBB5E9B81B8C394F0041290F /* Base */,
			);
			name = Main.storyboard;
			sourceTree = "<group>";
		};
		BBB5E9BC1B8C394F0041290F /* LaunchScreen.xib */ = {
			isa = PBXVariantGroup;
			children = (
				BBB5E9BD1B8C394F0041290F /* Base */,
			);
			name = LaunchScreen.xib;
			sourceTree = "<group>";
		};
/* End PBXVariantGroup section */

/* Begin XCBuildConfiguration section */
		BBB5E9CB1B8C394F0041290F /* Debug */ = {
			isa = XCBuildConfiguration;
			buildSettings = {
				ALWAYS_SEARCH_USER_PATHS = NO;
				CLANG_CXX_LANGUAGE_STANDARD = "gnu++0x";
				CLANG_CXX_LIBRARY = "libc++";
				CLANG_ENABLE_MODULES = YES;
				CLANG_ENABLE_OBJC_ARC = YES;
				CLANG_WARN_BOOL_CONVERSION = YES;
				CLANG_WARN_CONSTANT_CONVERSION = YES;
				CLANG_WARN_DIRECT_OBJC_ISA_USAGE = YES_ERROR;
				CLANG_WARN_EMPTY_BODY = YES;
				CLANG_WARN_ENUM_CONVERSION = YES;
				CLANG_WARN_INT_CONVERSION = YES;
				CLANG_WARN_OBJC_ROOT_CLASS = YES_ERROR;
				CLANG_WARN_UNREACHABLE_CODE = YES;
				CLANG_WARN__DUPLICATE_METHOD_MATCH = YES;
				"CODE_SIGN_IDENTITY[sdk=iphoneos*]" = "iPhone Developer";
				COPY_PHASE_STRIP = NO;
				DEBUG_INFORMATION_FORMAT = "dwarf-with-dsym";
				ENABLE_STRICT_OBJC_MSGSEND = YES;
				GCC_C_LANGUAGE_STANDARD = gnu99;
				GCC_DYNAMIC_NO_PIC = NO;
				GCC_NO_COMMON_BLOCKS = YES;
				GCC_OPTIMIZATION_LEVEL = 0;
				GCC_PREPROCESSOR_DEFINITIONS = (
					"DEBUG=1",
					"$(inherited)",
				);
				GCC_SYMBOLS_PRIVATE_EXTERN = NO;
				GCC_WARN_64_TO_32_BIT_CONVERSION = YES;
				GCC_WARN_ABOUT_RETURN_TYPE = YES_ERROR;
				GCC_WARN_UNDECLARED_SELECTOR = YES;
				GCC_WARN_UNINITIALIZED_AUTOS = YES_AGGRESSIVE;
				GCC_WARN_UNUSED_FUNCTION = YES;
				GCC_WARN_UNUSED_VARIABLE = YES;
				IPHONEOS_DEPLOYMENT_TARGET = 8.4;
				MTL_ENABLE_DEBUG_INFO = YES;
				ONLY_ACTIVE_ARCH = YES;
				SDKROOT = iphoneos;
				SWIFT_OPTIMIZATION_LEVEL = "-Onone";
			};
			name = Debug;
		};
		BBB5E9CC1B8C394F0041290F /* Release */ = {
			isa = XCBuildConfiguration;
			buildSettings = {
				ALWAYS_SEARCH_USER_PATHS = NO;
				CLANG_CXX_LANGUAGE_STANDARD = "gnu++0x";
				CLANG_CXX_LIBRARY = "libc++";
				CLANG_ENABLE_MODULES = YES;
				CLANG_ENABLE_OBJC_ARC = YES;
				CLANG_WARN_BOOL_CONVERSION = YES;
				CLANG_WARN_CONSTANT_CONVERSION = YES;
				CLANG_WARN_DIRECT_OBJC_ISA_USAGE = YES_ERROR;
				CLANG_WARN_EMPTY_BODY = YES;
				CLANG_WARN_ENUM_CONVERSION = YES;
				CLANG_WARN_INT_CONVERSION = YES;
				CLANG_WARN_OBJC_ROOT_CLASS = YES_ERROR;
				CLANG_WARN_UNREACHABLE_CODE = YES;
				CLANG_WARN__DUPLICATE_METHOD_MATCH = YES;
				"CODE_SIGN_IDENTITY[sdk=iphoneos*]" = "iPhone Developer";
				COPY_PHASE_STRIP = NO;
				DEBUG_INFORMATION_FORMAT = "dwarf-with-dsym";
				ENABLE_NS_ASSERTIONS = NO;
				ENABLE_STRICT_OBJC_MSGSEND = YES;
				GCC_C_LANGUAGE_STANDARD = gnu99;
				GCC_NO_COMMON_BLOCKS = YES;
				GCC_WARN_64_TO_32_BIT_CONVERSION = YES;
				GCC_WARN_ABOUT_RETURN_TYPE = YES_ERROR;
				GCC_WARN_UNDECLARED_SELECTOR = YES;
				GCC_WARN_UNINITIALIZED_AUTOS = YES_AGGRESSIVE;
				GCC_WARN_UNUSED_FUNCTION = YES;
				GCC_WARN_UNUSED_VARIABLE = YES;
				IPHONEOS_DEPLOYMENT_TARGET = 8.4;
				MTL_ENABLE_DEBUG_INFO = NO;
				SDKROOT = iphoneos;
				VALIDATE_PRODUCT = YES;
			};
			name = Release;
		};
		BBB5E9CE1B8C394F0041290F /* Debug */ = {
			isa = XCBuildConfiguration;
			buildSettings = {
				ASSETCATALOG_COMPILER_APPICON_NAME = AppIcon;
				INFOPLIST_FILE = SegueFree/Info.plist;
				IPHONEOS_DEPLOYMENT_TARGET = 7.1;
				LD_RUNPATH_SEARCH_PATHS = "$(inherited) @executable_path/Frameworks";
				PRODUCT_NAME = "$(TARGET_NAME)";
			};
			name = Debug;
		};
		BBB5E9CF1B8C394F0041290F /* Release */ = {
			isa = XCBuildConfiguration;
			buildSettings = {
				ASSETCATALOG_COMPILER_APPICON_NAME = AppIcon;
				INFOPLIST_FILE = SegueFree/Info.plist;
				IPHONEOS_DEPLOYMENT_TARGET = 7.1;
				LD_RUNPATH_SEARCH_PATHS = "$(inherited) @executable_path/Frameworks";
				PRODUCT_NAME = "$(TARGET_NAME)";
			};
			name = Release;
		};
		BBB5E9D11B8C394F0041290F /* Debug */ = {
			isa = XCBuildConfiguration;
			buildSettings = {
				BUNDLE_LOADER = "$(TEST_HOST)";
				FRAMEWORK_SEARCH_PATHS = (
					"$(SDKROOT)/Developer/Library/Frameworks",
					"$(inherited)",
				);
				GCC_PREPROCESSOR_DEFINITIONS = (
					"DEBUG=1",
					"$(inherited)",
				);
				INFOPLIST_FILE = SegueFreeTests/Info.plist;
				LD_RUNPATH_SEARCH_PATHS = "$(inherited) @executable_path/Frameworks @loader_path/Frameworks";
				PRODUCT_NAME = "$(TARGET_NAME)";
				TEST_HOST = "$(BUILT_PRODUCTS_DIR)/SegueFree.app/SegueFree";
			};
			name = Debug;
		};
		BBB5E9D21B8C394F0041290F /* Release */ = {
			isa = XCBuildConfiguration;
			buildSettings = {
				BUNDLE_LOADER = "$(TEST_HOST)";
				FRAMEWORK_SEARCH_PATHS = (
					"$(SDKROOT)/Developer/Library/Frameworks",
					"$(inherited)",
				);
				INFOPLIST_FILE = SegueFreeTests/Info.plist;
				LD_RUNPATH_SEARCH_PATHS = "$(inherited) @executable_path/Frameworks @loader_path/Frameworks";
				PRODUCT_NAME = "$(TARGET_NAME)";
				TEST_HOST = "$(BUILT_PRODUCTS_DIR)/SegueFree.app/SegueFree";
			};
			name = Release;
		};
/* End XCBuildConfiguration section */

/* Begin XCConfigurationList section */
		BBB5E9A61B8C394F0041290F /* Build configuration list for PBXProject "SegueFree" */ = {
			isa = XCConfigurationList;
			buildConfigurations = (
				BBB5E9CB1B8C394F0041290F /* Debug */,
				BBB5E9CC1B8C394F0041290F /* Release */,
			);
			defaultConfigurationIsVisible = 0;
			defaultConfigurationName = Release;
		};
		BBB5E9CD1B8C394F0041290F /* Build configuration list for PBXNativeTarget "SegueFree" */ = {
			isa = XCConfigurationList;
			buildConfigurations = (
				BBB5E9CE1B8C394F0041290F /* Debug */,
				BBB5E9CF1B8C394F0041290F /* Release */,
			);
			defaultConfigurationIsVisible = 0;
			defaultConfigurationName = Release;
		};
		BBB5E9D01B8C394F0041290F /* Build configuration list for PBXNativeTarget "SegueFreeTests" */ = {
			isa = XCConfigurationList;
			buildConfigurations = (
				BBB5E9D11B8C394F0041290F /* Debug */,
				BBB5E9D21B8C394F0041290F /* Release */,
			);
			defaultConfigurationIsVisible = 0;
			defaultConfigurationName = Release;
		};
/* End XCConfigurationList section */

/* Begin XCVersionGroup section */
		BBB5E9B21B8C394F0041290F /* SegueFree.xcdatamodeld */ = {
			isa = XCVersionGroup;
			children = (
				BBB5E9B31B8C394F0041290F /* SegueFree.xcdatamodel */,
			);
			currentVersion = BBB5E9B31B8C394F0041290F /* SegueFree.xcdatamodel */;
			path = SegueFree.xcdatamodeld;
			sourceTree = "<group>";
			versionGroupType = wrapper.xcdatamodel;
		};
/* End XCVersionGroup section */
	};
	rootObject = BBB5E9A31B8C394F0041290F /* Project object */;
}
